
Microsoft Visual Studio Solution File, Format Version 12.00
# Visual Studio Version 16
VisualStudioVersion = 16.0.31424.327
MinimumVisualStudioVersion = 10.0.40219.1
Project("{FAE04EC0-301F-11D3-BF4B-00C04F79EFBC}") = "TRAEGERKepware", "TRAEGERKepware.csproj", "{102DB48C-B994-40DD-875C-0F365BB94663}"
EndProject
Global
	GlobalSection(SolutionConfigurationPlatforms) = preSolution
		Debug|Any CPU = Debug|Any CPU
		Debug|x64 = Debug|x64
		Release|Any CPU = Release|Any CPU
		Release|x64 = Release|x64
	EndGlobalSection
	GlobalSection(ProjectConfigurationPlatforms) = postSolution
		{102DB48C-B994-40DD-875C-0F365BB94663}.Debug|Any CPU.ActiveCfg = Debug|Any CPU
		{102DB48C-B994-40DD-875C-0F365BB94663}.Debug|Any CPU.Build.0 = Debug|Any CPU
		{102DB48C-B994-40DD-875C-0F365BB94663}.Debug|x64.ActiveCfg = Debug|x64
		{102DB48C-B994-40DD-875C-0F365BB94663}.Debug|x64.Build.0 = Debug|x64
		{102DB48C-B994-40DD-875C-0F365BB94663}.Release|Any CPU.ActiveCfg = Release|x64
		{102DB48C-B994-40DD-875C-0F365BB94663}.Release|Any CPU.Build.0 = Release|x64
		{102DB48C-B994-40DD-875C-0F365BB94663}.Release|x64.ActiveCfg = Release|x64
		{102DB48C-B994-40DD-875C-0F365BB94663}.Release|x64.Build.0 = Release|x64
	EndGlobalSection
	GlobalSection(SolutionProperties) = preSolution
		HideSolutionNode = FALSE
	EndGlobalSection
	GlobalSection(ExtensibilityGlobals) = postSolution
		SolutionGuid = {EDD6F3B2-772F-4AFA-90A1-31D4A64A5352}
	EndGlobalSection
EndGlobal
